
Microsoft Visual Studio Solution File, Format Version 12.00
# Visual Studio Version 17
VisualStudioVersion = 17.8.34309.116
MinimumVisualStudioVersion = 10.0.40219.1
Project("{FAE04EC0-301F-11D3-BF4B-00C04F79EFBC}") = "ödev_83", "ödev_83\ödev_83.csproj", "{C208C67C-B924-4302-862D-F7DACCC96600}"
EndProject
Global
	GlobalSection(SolutionConfigurationPlatforms) = preSolution
		Debug|Any CPU = Debug|Any CPU
		Release|Any CPU = Release|Any CPU
	EndGlobalSection
	GlobalSection(ProjectConfigurationPlatforms) = postSolution
		{C208C67C-B924-4302-862D-F7DACCC96600}.Debug|Any CPU.ActiveCfg = Debug|Any CPU
		{C208C67C-B924-4302-862D-F7DACCC96600}.Debug|Any CPU.Build.0 = Debug|Any CPU
		{C208C67C-B924-4302-862D-F7DACCC96600}.Release|Any CPU.ActiveCfg = Release|Any CPU
		{C208C67C-B924-4302-862D-F7DACCC96600}.Release|Any CPU.Build.0 = Release|Any CPU
	EndGlobalSection
	GlobalSection(SolutionProperties) = preSolution
		HideSolutionNode = FALSE
	EndGlobalSection
	GlobalSection(ExtensibilityGlobals) = postSolution
		SolutionGuid = {8FEE957F-2DD6-42DE-B098-1D53BC74D883}
	EndGlobalSection
EndGlobal
